
Microsoft Visual Studio Solution File, Format Version 12.00
# Visual Studio Version 17
VisualStudioVersion = 17.8.34004.107
MinimumVisualStudioVersion = 10.0.40219.1
Project("{9A19103F-16F7-4668-BE54-9A1E7A4F7556}") = "CCShell", "CCShell\CCShell.csproj", "{1C36C6E5-AF4E-4D57-80C7-476039B44CA8}"
EndProject
Project("{FAE04EC0-301F-11D3-BF4B-00C04F79EFBC}") = "CCShell.Entity", "CCShell.Entity\CCShell.Entity.csproj", "{B9051E2C-DE14-4943-818A-A8BF438E5692}"
EndProject
Global
	GlobalSection(SolutionConfigurationPlatforms) = preSolution
		Debug|Any CPU = Debug|Any CPU
		Release|Any CPU = Release|Any CPU
	EndGlobalSection
	GlobalSection(ProjectConfigurationPlatforms) = postSolution
		{1C36C6E5-AF4E-4D57-80C7-476039B44CA8}.Debug|Any CPU.ActiveCfg = Debug|Any CPU
		{1C36C6E5-AF4E-4D57-80C7-476039B44CA8}.Debug|Any CPU.Build.0 = Debug|Any CPU
		{1C36C6E5-AF4E-4D57-80C7-476039B44CA8}.Release|Any CPU.ActiveCfg = Release|Any CPU
		{1C36C6E5-AF4E-4D57-80C7-476039B44CA8}.Release|Any CPU.Build.0 = Release|Any CPU
		{B9051E2C-DE14-4943-818A-A8BF438E5692}.Debug|Any CPU.ActiveCfg = Debug|Any CPU
		{B9051E2C-DE14-4943-818A-A8BF438E5692}.Debug|Any CPU.Build.0 = Debug|Any CPU
		{B9051E2C-DE14-4943-818A-A8BF438E5692}.Release|Any CPU.ActiveCfg = Release|Any CPU
		{B9051E2C-DE14-4943-818A-A8BF438E5692}.Release|Any CPU.Build.0 = Release|Any CPU
	EndGlobalSection
	GlobalSection(SolutionProperties) = preSolution
		HideSolutionNode = FALSE
	EndGlobalSection
	GlobalSection(ExtensibilityGlobals) = postSolution
		SolutionGuid = {164FE6B3-52CD-44CE-939C-ABF661DBDC51}
	EndGlobalSection
EndGlobal
